
Microsoft Visual Studio Solution File, Format Version 12.00
# Visual Studio Version 16
VisualStudioVersion = 16.0.32002.261
MinimumVisualStudioVersion = 10.0.40219.1
Project("{9A19103F-16F7-4668-BE54-9A1E7A4F7556}") = "HashCode2022_OnePizze", "HashCode2022_OnePizze.csproj", "{111305ED-540E-404C-93A7-4022E1050C54}"
EndProject
Global
	GlobalSection(SolutionConfigurationPlatforms) = preSolution
		Debug|Any CPU = Debug|Any CPU
		Release|Any CPU = Release|Any CPU
	EndGlobalSection
	GlobalSection(ProjectConfigurationPlatforms) = postSolution
		{111305ED-540E-404C-93A7-4022E1050C54}.Debug|Any CPU.ActiveCfg = Debug|Any CPU
		{111305ED-540E-404C-93A7-4022E1050C54}.Debug|Any CPU.Build.0 = Debug|Any CPU
		{111305ED-540E-404C-93A7-4022E1050C54}.Release|Any CPU.ActiveCfg = Release|Any CPU
		{111305ED-540E-404C-93A7-4022E1050C54}.Release|Any CPU.Build.0 = Release|Any CPU
	EndGlobalSection
	GlobalSection(SolutionProperties) = preSolution
		HideSolutionNode = FALSE
	EndGlobalSection
	GlobalSection(ExtensibilityGlobals) = postSolution
		SolutionGuid = {E8BCFC63-37FA-48E0-853F-03B8FBA4FC17}
	EndGlobalSection
EndGlobal
